
Microsoft Visual Studio Solution File, Format Version 12.00
# Visual Studio Version 17
VisualStudioVersion = 17.14.37216.2 d17.14
MinimumVisualStudioVersion = 10.0.40219.1
Project("{FAE04EC0-301F-11D3-BF4B-00C04F79EFBC}") = "Task1", "Day_10\Task1.csproj", "{872E015B-D27F-43BA-9A00-741B2DB03FB1}"
EndProject
Project("{FAE04EC0-301F-11D3-BF4B-00C04F79EFBC}") = "Task2", "Task2\Task2.csproj", "{93E4230F-08A8-478A-9B6D-4A8A1C9F8E1F}"
EndProject
Project("{FAE04EC0-301F-11D3-BF4B-00C04F79EFBC}") = "Task3", "Task3\Task3.csproj", "{F2527751-5A96-4B56-8A70-B7335536E9EA}"
EndProject
Global
	GlobalSection(SolutionConfigurationPlatforms) = preSolution
		Debug|Any CPU = Debug|Any CPU
		Release|Any CPU = Release|Any CPU
	EndGlobalSection
	GlobalSection(ProjectConfigurationPlatforms) = postSolution
		{872E015B-D27F-43BA-9A00-741B2DB03FB1}.Debug|Any CPU.ActiveCfg = Debug|Any CPU
		{872E015B-D27F-43BA-9A00-741B2DB03FB1}.Debug|Any CPU.Build.0 = Debug|Any CPU
		{872E015B-D27F-43BA-9A00-741B2DB03FB1}.Release|Any CPU.ActiveCfg = Release|Any CPU
		{872E015B-D27F-43BA-9A00-741B2DB03FB1}.Release|Any CPU.Build.0 = Release|Any CPU
		{93E4230F-08A8-478A-9B6D-4A8A1C9F8E1F}.Debug|Any CPU.ActiveCfg = Debug|Any CPU
		{93E4230F-08A8-478A-9B6D-4A8A1C9F8E1F}.Debug|Any CPU.Build.0 = Debug|Any CPU
		{93E4230F-08A8-478A-9B6D-4A8A1C9F8E1F}.Release|Any CPU.ActiveCfg = Release|Any CPU
		{93E4230F-08A8-478A-9B6D-4A8A1C9F8E1F}.Release|Any CPU.Build.0 = Release|Any CPU
		{F2527751-5A96-4B56-8A70-B7335536E9EA}.Debug|Any CPU.ActiveCfg = Debug|Any CPU
		{F2527751-5A96-4B56-8A70-B7335536E9EA}.Debug|Any CPU.Build.0 = Debug|Any CPU
		{F2527751-5A96-4B56-8A70-B7335536E9EA}.Release|Any CPU.ActiveCfg = Release|Any CPU
		{F2527751-5A96-4B56-8A70-B7335536E9EA}.Release|Any CPU.Build.0 = Release|Any CPU
	EndGlobalSection
	GlobalSection(SolutionProperties) = preSolution
		HideSolutionNode = FALSE
	EndGlobalSection
	GlobalSection(ExtensibilityGlobals) = postSolution
		SolutionGuid = {2290056C-E756-4182-B0EA-200B3692094C}
	EndGlobalSection
EndGlobal
